
Microsoft Visual Studio Solution File, Format Version 12.00
# Visual Studio Version 17
VisualStudioVersion = 17.14.36408.4 d17.14
MinimumVisualStudioVersion = 10.0.40219.1
Project("{FAE04EC0-301F-11D3-BF4B-00C04F79EFBC}") = "MyPortfolio", "MyPortfolio.csproj", "{D672D1EE-05BA-4CCE-B534-59738D73AF4D}"
EndProject
Global
	GlobalSection(SolutionConfigurationPlatforms) = preSolution
		Debug|Any CPU = Debug|Any CPU
		Release|Any CPU = Release|Any CPU
	EndGlobalSection
	GlobalSection(ProjectConfigurationPlatforms) = postSolution
		{D672D1EE-05BA-4CCE-B534-59738D73AF4D}.Debug|Any CPU.ActiveCfg = Debug|Any CPU
		{D672D1EE-05BA-4CCE-B534-59738D73AF4D}.Debug|Any CPU.Build.0 = Debug|Any CPU
		{D672D1EE-05BA-4CCE-B534-59738D73AF4D}.Release|Any CPU.ActiveCfg = Release|Any CPU
		{D672D1EE-05BA-4CCE-B534-59738D73AF4D}.Release|Any CPU.Build.0 = Release|Any CPU
	EndGlobalSection
	GlobalSection(SolutionProperties) = preSolution
		HideSolutionNode = FALSE
	EndGlobalSection
	GlobalSection(ExtensibilityGlobals) = postSolution
		SolutionGuid = {0EAAFDEE-017F-4101-B634-49AA44628F83}
	EndGlobalSection
EndGlobal
